
Microsoft Visual Studio Solution File, Format Version 12.00
# Visual Studio Version 16
VisualStudioVersion = 16.0.29521.150
MinimumVisualStudioVersion = 10.0.40219.1
Project("{9A19103F-16F7-4668-BE54-9A1E7A4F7556}") = "CoursesP2P.App", "CoursesP2P.App\CoursesP2P.App.csproj", "{BC7F8029-99C1-432F-9C45-C6B5EF306D5F}"
EndProject
Project("{9A19103F-16F7-4668-BE54-9A1E7A4F7556}") = "CoursesP2P.Data", "CoursesP2P.Data\CoursesP2P.Data.csproj", "{0033B6D4-49AB-4327-AF1F-BBCD433D2395}"
EndProject
Project("{9A19103F-16F7-4668-BE54-9A1E7A4F7556}") = "CoursesP2P.Models", "CoursesP2P.Models\CoursesP2P.Models.csproj", "{2AEBE24D-9207-4637-B637-7260F9EF0E63}"
EndProject
Project("{9A19103F-16F7-4668-BE54-9A1E7A4F7556}") = "CoursesP2P.Services", "CoursesP2P.Services\CoursesP2P.Services.csproj", "{83D81754-FD2A-4F75-BB3D-B96BC6B22623}"
EndProject
Project("{9A19103F-16F7-4668-BE54-9A1E7A4F7556}") = "CoursesP2P.ViewModels", "CoursesP2P.ViewModels\CoursesP2P.ViewModels.csproj", "{07A3B46C-727C-4CEE-A208-DF4086B68AF3}"
EndProject
Project("{9A19103F-16F7-4668-BE54-9A1E7A4F7556}") = "CoursesP2P.Tests", "CoursesP2P.Tests\CoursesP2P.Tests.csproj", "{120B9B91-78C0-4D44-B456-D4E330468CD3}"
EndProject
Project("{FAE04EC0-301F-11D3-BF4B-00C04F79EFBC}") = "Courses.P2P.Common", "Courses.P2P.Common\Courses.P2P.Common.csproj", "{0AB42AE3-E7A4-4995-994A-A98577EE903B}"
EndProject
Global
	GlobalSection(SolutionConfigurationPlatforms) = preSolution
		Debug|Any CPU = Debug|Any CPU
		Release|Any CPU = Release|Any CPU
	EndGlobalSection
	GlobalSection(ProjectConfigurationPlatforms) = postSolution
		{BC7F8029-99C1-432F-9C45-C6B5EF306D5F}.Debug|Any CPU.ActiveCfg = Debug|Any CPU
		{BC7F8029-99C1-432F-9C45-C6B5EF306D5F}.Debug|Any CPU.Build.0 = Debug|Any CPU
		{BC7F8029-99C1-432F-9C45-C6B5EF306D5F}.Release|Any CPU.ActiveCfg = Release|Any CPU
		{BC7F8029-99C1-432F-9C45-C6B5EF306D5F}.Release|Any CPU.Build.0 = Release|Any CPU
		{0033B6D4-49AB-4327-AF1F-BBCD433D2395}.Debug|Any CPU.ActiveCfg = Debug|Any CPU
		{0033B6D4-49AB-4327-AF1F-BBCD433D2395}.Debug|Any CPU.Build.0 = Debug|Any CPU
		{0033B6D4-49AB-4327-AF1F-BBCD433D2395}.Release|Any CPU.ActiveCfg = Release|Any CPU
		{0033B6D4-49AB-4327-AF1F-BBCD433D2395}.Release|Any CPU.Build.0 = Release|Any CPU
		{2AEBE24D-9207-4637-B637-7260F9EF0E63}.Debug|Any CPU.ActiveCfg = Debug|Any CPU
		{2AEBE24D-9207-4637-B637-7260F9EF0E63}.Debug|Any CPU.Build.0 = Debug|Any CPU
		{2AEBE24D-9207-4637-B637-7260F9EF0E63}.Release|Any CPU.ActiveCfg = Release|Any CPU
		{2AEBE24D-9207-4637-B637-7260F9EF0E63}.Release|Any CPU.Build.0 = Release|Any CPU
		{83D81754-FD2A-4F75-BB3D-B96BC6B22623}.Debug|Any CPU.ActiveCfg = Debug|Any CPU
		{83D81754-FD2A-4F75-BB3D-B96BC6B22623}.Debug|Any CPU.Build.0 = Debug|Any CPU
		{83D81754-FD2A-4F75-BB3D-B96BC6B22623}.Release|Any CPU.ActiveCfg = Release|Any CPU
		{83D81754-FD2A-4F75-BB3D-B96BC6B22623}.Release|Any CPU.Build.0 = Release|Any CPU
		{07A3B46C-727C-4CEE-A208-DF4086B68AF3}.Debug|Any CPU.ActiveCfg = Debug|Any CPU
		{07A3B46C-727C-4CEE-A208-DF4086B68AF3}.Debug|Any CPU.Build.0 = Debug|Any CPU
		{07A3B46C-727C-4CEE-A208-DF4086B68AF3}.Release|Any CPU.ActiveCfg = Release|Any CPU
		{07A3B46C-727C-4CEE-A208-DF4086B68AF3}.Release|Any CPU.Build.0 = Release|Any CPU
		{120B9B91-78C0-4D44-B456-D4E330468CD3}.Debug|Any CPU.ActiveCfg = Debug|Any CPU
		{120B9B91-78C0-4D44-B456-D4E330468CD3}.Debug|Any CPU.Build.0 = Debug|Any CPU
		{120B9B91-78C0-4D44-B456-D4E330468CD3}.Release|Any CPU.ActiveCfg = Release|Any CPU
		{120B9B91-78C0-4D44-B456-D4E330468CD3}.Release|Any CPU.Build.0 = Release|Any CPU
		{0AB42AE3-E7A4-4995-994A-A98577EE903B}.Debug|Any CPU.ActiveCfg = Debug|Any CPU
		{0AB42AE3-E7A4-4995-994A-A98577EE903B}.Debug|Any CPU.Build.0 = Debug|Any CPU
		{0AB42AE3-E7A4-4995-994A-A98577EE903B}.Release|Any CPU.ActiveCfg = Release|Any CPU
		{0AB42AE3-E7A4-4995-994A-A98577EE903B}.Release|Any CPU.Build.0 = Release|Any CPU
	EndGlobalSection
	GlobalSection(SolutionProperties) = preSolution
		HideSolutionNode = FALSE
	EndGlobalSection
	GlobalSection(ExtensibilityGlobals) = postSolution
		SolutionGuid = {B56DFC71-94B0-4A49-B2C7-71A845730793}
	EndGlobalSection
EndGlobal
